// !$*UTF8*$!
{
	archiveVersion = 1;
	classes = {
	};
	objectVersion = 77;
	objects = {

/* Begin PBXBuildFile section */
		E6434E342F9FD6E6003E4714 /* CalorieEstimator in Frameworks */ = {isa = PBXBuildFile; productRef = E6434E332F9FD6E6003E4714 /* CalorieEstimator */; };
		E6434E472F9FDA2B003E4714 /* Quiet Kcal Hi-Fi.html in Resources */ = {isa = PBXBuildFile; fileRef = E6434E3C2F9FDA2B003E4714 /* Quiet Kcal Hi-Fi.html */; };
		E6434E482F9FDA2B003E4714 /* Quiet Kcal Hi-Fi-print.html in Resources */ = {isa = PBXBuildFile; fileRef = E6434E3F2F9FDA2B003E4714 /* Quiet Kcal Hi-Fi-print.html */; };
		E6434E492F9FDA2B003E4714 /* wireframes.jsx in Resources */ = {isa = PBXBuildFile; fileRef = E6434E432F9FDA2B003E4714 /* wireframes.jsx */; };
		E6434E4A2F9FDA2B003E4714 /* README.md in Resources */ = {isa = PBXBuildFile; fileRef = E6434E452F9FDA2B003E4714 /* README.md */; };
		E6434E4B2F9FDA2B003E4714 /* ios-frame.jsx in Resources */ = {isa = PBXBuildFile; fileRef = E6434E3B2F9FDA2B003E4714 /* ios-frame.jsx */; };
		E6434E4C2F9FDA2B003E4714 /* Quiet Kcal Wireframes.html in Resources */ = {isa = PBXBuildFile; fileRef = E6434E402F9FDA2B003E4714 /* Quiet Kcal Wireframes.html */; };
		E6434E4D2F9FDA2B003E4714 /* design-canvas.jsx in Resources */ = {isa = PBXBuildFile; fileRef = E6434E392F9FDA2B003E4714 /* design-canvas.jsx */; };
		E6434E4E2F9FDA2B003E4714 /* hifi-screens.jsx in Resources */ = {isa = PBXBuildFile; fileRef = E6434E3A2F9FDA2B003E4714 /* hifi-screens.jsx */; };
		E6434E4F2F9FDA2B003E4714 /* Quiet Kcal Hi-Fi (standalone-source).html in Resources */ = {isa = PBXBuildFile; fileRef = E6434E3D2F9FDA2B003E4714 /* Quiet Kcal Hi-Fi (standalone-source).html */; };
		E6434E502F9FDA2B003E4714 /* Quiet Kcal Hi-Fi (standalone).html in Resources */ = {isa = PBXBuildFile; fileRef = E6434E3E2F9FDA2B003E4714 /* Quiet Kcal Hi-Fi (standalone).html */; };
		E6434E512F9FDA2B003E4714 /* screens.jsx in Resources */ = {isa = PBXBuildFile; fileRef = E6434E412F9FDA2B003E4714 /* screens.jsx */; };
		E6434E522F9FDA2B003E4714 /* widgets.jsx in Resources */ = {isa = PBXBuildFile; fileRef = E6434E422F9FDA2B003E4714 /* widgets.jsx */; };
/* End PBXBuildFile section */

/* Begin PBXFileReference section */
		E6434E242F9FD653003E4714 /* QuietCal.app */ = {isa = PBXFileReference; explicitFileType = wrapper.application; includeInIndex = 0; path = QuietCal.app; sourceTree = BUILT_PRODUCTS_DIR; };
		E6434E392F9FDA2B003E4714 /* design-canvas.jsx */ = {isa = PBXFileReference; lastKnownFileType = text; path = "design-canvas.jsx"; sourceTree = "<group>"; };
		E6434E3A2F9FDA2B003E4714 /* hifi-screens.jsx */ = {isa = PBXFileReference; lastKnownFileType = text; path = "hifi-screens.jsx"; sourceTree = "<group>"; };
		E6434E3B2F9FDA2B003E4714 /* ios-frame.jsx */ = {isa = PBXFileReference; lastKnownFileType = text; path = "ios-frame.jsx"; sourceTree = "<group>"; };
		E6434E3C2F9FDA2B003E4714 /* Quiet Kcal Hi-Fi.html */ = {isa = PBXFileReference; lastKnownFileType = text.html; path = "Quiet Kcal Hi-Fi.html"; sourceTree = "<group>"; };
		E6434E3D2F9FDA2B003E4714 /* Quiet Kcal Hi-Fi (standalone-source).html */ = {isa = PBXFileReference; lastKnownFileType = text.html; path = "Quiet Kcal Hi-Fi (standalone-source).html"; sourceTree = "<group>"; };
		E6434E3E2F9FDA2B003E4714 /* Quiet Kcal Hi-Fi (standalone).html */ = {isa = PBXFileReference; lastKnownFileType = text.html; path = "Quiet Kcal Hi-Fi (standalone).html"; sourceTree = "<group>"; };
		E6434E3F2F9FDA2B003E4714 /* Quiet Kcal Hi-Fi-print.html */ = {isa = PBXFileReference; lastKnownFileType = text.html; path = "Quiet Kcal Hi-Fi-print.html"; sourceTree = "<group>"; };
		E6434E402F9FDA2B003E4714 /* Quiet Kcal Wireframes.html */ = {isa = PBXFileReference; lastKnownFileType = text.html; path = "Quiet Kcal Wireframes.html"; sourceTree = "<group>"; };
		E6434E412F9FDA2B003E4714 /* screens.jsx */ = {isa = PBXFileReference; lastKnownFileType = text; path = screens.jsx; sourceTree = "<group>"; };
		E6434E422F9FDA2B003E4714 /* widgets.jsx */ = {isa = PBXFileReference; lastKnownFileType = text; path = widgets.jsx; sourceTree = "<group>"; };
		E6434E432F9FDA2B003E4714 /* wireframes.jsx */ = {isa = PBXFileReference; lastKnownFileType = text; path = wireframes.jsx; sourceTree = "<group>"; };
		E6434E452F9FDA2B003E4714 /* README.md */ = {isa = PBXFileReference; lastKnownFileType = net.daringfireball.markdown; path = README.md; sourceTree = "<group>"; };
/* End PBXFileReference section */

/* Begin PBXFileSystemSynchronizedRootGroup section */
		E6434E262F9FD653003E4714 /* QuietCal */ = {
			isa = PBXFileSystemSynchronizedRootGroup;
			path = QuietCal;
			sourceTree = "<group>";
		};
/* End PBXFileSystemSynchronizedRootGroup section */

/* Begin PBXFrameworksBuildPhase section */
		E6434E212F9FD653003E4714 /* Frameworks */ = {
			isa = PBXFrameworksBuildPhase;
			buildActionMask = 2147483647;
			files = (
				E6434E342F9FD6E6003E4714 /* CalorieEstimator in Frameworks */,
			);
			runOnlyForDeploymentPostprocessing = 0;
		};
/* End PBXFrameworksBuildPhase section */

/* Begin PBXGroup section */
		E6434E1B2F9FD653003E4714 = {
			isa = PBXGroup;
			children = (
				E6434E462F9FDA2B003E4714 /* quiet-kcal */,
				E6434E262F9FD653003E4714 /* QuietCal */,
				E6434E252F9FD653003E4714 /* Products */,
			);
			sourceTree = "<group>";
		};
		E6434E252F9FD653003E4714 /* Products */ = {
			isa = PBXGroup;
			children = (
				E6434E242F9FD653003E4714 /* QuietCal.app */,
			);
			name = Products;
			sourceTree = "<group>";
		};
		E6434E442F9FDA2B003E4714 /* project */ = {
			isa = PBXGroup;
			children = (
				E6434E392F9FDA2B003E4714 /* design-canvas.jsx */,
				E6434E3A2F9FDA2B003E4714 /* hifi-screens.jsx */,
				E6434E3B2F9FDA2B003E4714 /* ios-frame.jsx */,
				E6434E3C2F9FDA2B003E4714 /* Quiet Kcal Hi-Fi.html */,
				E6434E3D2F9FDA2B003E4714 /* Quiet Kcal Hi-Fi (standalone-source).html */,
				E6434E3E2F9FDA2B003E4714 /* Quiet Kcal Hi-Fi (standalone).html */,
				E6434E3F2F9FDA2B003E4714 /* Quiet Kcal Hi-Fi-print.html */,
				E6434E402F9FDA2B003E4714 /* Quiet Kcal Wireframes.html */,
				E6434E412F9FDA2B003E4714 /* screens.jsx */,
				E6434E422F9FDA2B003E4714 /* widgets.jsx */,
				E6434E432F9FDA2B003E4714 /* wireframes.jsx */,
			);
			path = project;
			sourceTree = "<group>";
		};
		E6434E462F9FDA2B003E4714 /* quiet-kcal */ = {
			isa = PBXGroup;
			children = (
				E6434E442F9FDA2B003E4714 /* project */,
				E6434E452F9FDA2B003E4714 /* README.md */,
			);
			path = "quiet-kcal";
			sourceTree = "<group>";
		};
/* End PBXGroup section */

/* Begin PBXNativeTarget section */
		E6434E232F9FD653003E4714 /* QuietCal */ = {
			isa = PBXNativeTarget;
			buildConfigurationList = E6434E2F2F9FD654003E4714 /* Build configuration list for PBXNativeTarget "QuietCal" */;
			buildPhases = (
				E6434E202F9FD653003E4714 /* Sources */,
				E6434E212F9FD653003E4714 /* Frameworks */,
				E6434E222F9FD653003E4714 /* Resources */,
			);
			buildRules = (
			);
			dependencies = (
			);
			fileSystemSynchronizedGroups = (
				E6434E262F9FD653003E4714 /* QuietCal */,
			);
			name = QuietCal;
			packageProductDependencies = (
				E6434E332F9FD6E6003E4714 /* CalorieEstimator */,
			);
			productName = QuietCal;
			productReference = E6434E242F9FD653003E4714 /* QuietCal.app */;
			productType = "com.apple.product-type.application";
		};
/* End PBXNativeTarget section */

/* Begin PBXProject section */
		E6434E1C2F9FD653003E4714 /* Project object */ = {
			isa = PBXProject;
			attributes = {
				BuildIndependentTargetsInParallel = 1;
				LastSwiftUpdateCheck = 2640;
				LastUpgradeCheck = 2650;
				TargetAttributes = {
					E6434E232F9FD653003E4714 = {
						CreatedOnToolsVersion = 26.4.1;
					};
				};
			};
			buildConfigurationList = E6434E1F2F9FD653003E4714 /* Build configuration list for PBXProject "QuietCal" */;
			developmentRegion = en;
			hasScannedForEncodings = 0;
			knownRegions = (
				en,
				Base,
			);
			mainGroup = E6434E1B2F9FD653003E4714;
			minimizedProjectReferenceProxies = 1;
			packageReferences = (
				E6434E322F9FD6E6003E4714 /* XCRemoteSwiftPackageReference "CalorieEstimator" */,
			);
			preferredProjectObjectVersion = 77;
			productRefGroup = E6434E252F9FD653003E4714 /* Products */;
			projectDirPath = "";
			projectRoot = "";
			targets = (
				E6434E232F9FD653003E4714 /* QuietCal */,
			);
		};
/* End PBXProject section */

/* Begin PBXResourcesBuildPhase section */
		E6434E222F9FD653003E4714 /* Resources */ = {
			isa = PBXResourcesBuildPhase;
			buildActionMask = 2147483647;
			files = (
				E6434E472F9FDA2B003E4714 /* Quiet Kcal Hi-Fi.html in Resources */,
				E6434E482F9FDA2B003E4714 /* Quiet Kcal Hi-Fi-print.html in Resources */,
				E6434E492F9FDA2B003E4714 /* wireframes.jsx in Resources */,
				E6434E4A2F9FDA2B003E4714 /* README.md in Resources */,
				E6434E4B2F9FDA2B003E4714 /* ios-frame.jsx in Resources */,
				E6434E4C2F9FDA2B003E4714 /* Quiet Kcal Wireframes.html in Resources */,
				E6434E4D2F9FDA2B003E4714 /* design-canvas.jsx in Resources */,
				E6434E4E2F9FDA2B003E4714 /* hifi-screens.jsx in Resources */,
				E6434E4F2F9FDA2B003E4714 /* Quiet Kcal Hi-Fi (standalone-source).html in Resources */,
				E6434E502F9FDA2B003E4714 /* Quiet Kcal Hi-Fi (standalone).html in Resources */,
				E6434E512F9FDA2B003E4714 /* screens.jsx in Resources */,
				E6434E522F9FDA2B003E4714 /* widgets.jsx in Resources */,
			);
			runOnlyForDeploymentPostprocessing = 0;
		};
/* End PBXResourcesBuildPhase section */

/* Begin PBXSourcesBuildPhase section */
		E6434E202F9FD653003E4714 /* Sources */ = {
			isa = PBXSourcesBuildPhase;
			buildActionMask = 2147483647;
			files = (
			);
			runOnlyForDeploymentPostprocessing = 0;
		};
/* End PBXSourcesBuildPhase section */

/* Begin XCBuildConfiguration section */
		E6434E2D2F9FD654003E4714 /* Debug */ = {
			isa = XCBuildConfiguration;
			buildSettings = {
				ALWAYS_SEARCH_USER_PATHS = NO;
				ASSETCATALOG_COMPILER_GENERATE_SWIFT_ASSET_SYMBOL_EXTENSIONS = YES;
				CLANG_ANALYZER_NONNULL = YES;
				CLANG_ANALYZER_NUMBER_OBJECT_CONVERSION = YES_AGGRESSIVE;
				CLANG_CXX_LANGUAGE_STANDARD = "gnu++20";
				CLANG_ENABLE_MODULES = YES;
				CLANG_ENABLE_OBJC_ARC = YES;
				CLANG_ENABLE_OBJC_WEAK = YES;
				CLANG_WARN_BLOCK_CAPTURE_AUTORELEASING = YES;
				CLANG_WARN_BOOL_CONVERSION = YES;
				CLANG_WARN_COMMA = YES;
				CLANG_WARN_CONSTANT_CONVERSION = YES;
				CLANG_WARN_DEPRECATED_OBJC_IMPLEMENTATIONS = YES;
				CLANG_WARN_DIRECT_OBJC_ISA_USAGE = YES_ERROR;
				CLANG_WARN_DOCUMENTATION_COMMENTS = YES;
				CLANG_WARN_EMPTY_BODY = YES;
				CLANG_WARN_ENUM_CONVERSION = YES;
				CLANG_WARN_INFINITE_RECURSION = YES;
				CLANG_WARN_INT_CONVERSION = YES;
				CLANG_WARN_NON_LITERAL_NULL_CONVERSION = YES;
				CLANG_WARN_OBJC_IMPLICIT_RETAIN_SELF = YES;
				CLANG_WARN_OBJC_LITERAL_CONVERSION = YES;
				CLANG_WARN_OBJC_ROOT_CLASS = YES_ERROR;
				CLANG_WARN_QUOTED_INCLUDE_IN_FRAMEWORK_HEADER = YES;
				CLANG_WARN_RANGE_LOOP_ANALYSIS = YES;
				CLANG_WARN_STRICT_PROTOTYPES = YES;
				CLANG_WARN_SUSPICIOUS_MOVE = YES;
				CLANG_WARN_UNGUARDED_AVAILABILITY = YES_AGGRESSIVE;
				CLANG_WARN_UNREACHABLE_CODE = YES;
				CLANG_WARN__DUPLICATE_METHOD_MATCH = YES;
				COPY_PHASE_STRIP = NO;
				DEBUG_INFORMATION_FORMAT = dwarf;
				ENABLE_STRICT_OBJC_MSGSEND = YES;
				ENABLE_TESTABILITY = YES;
				ENABLE_USER_SCRIPT_SANDBOXING = YES;
				GCC_C_LANGUAGE_STANDARD = gnu17;
				GCC_DYNAMIC_NO_PIC = NO;
				GCC_NO_COMMON_BLOCKS = YES;
				GCC_OPTIMIZATION_LEVEL = 0;
				GCC_PREPROCESSOR_DEFINITIONS = (
					"DEBUG=1",
					"$(inherited)",
				);
				GCC_WARN_64_TO_32_BIT_CONVERSION = YES;
				GCC_WARN_ABOUT_RETURN_TYPE = YES_ERROR;
				GCC_WARN_UNDECLARED_SELECTOR = YES;
				GCC_WARN_UNINITIALIZED_AUTOS = YES_AGGRESSIVE;
				GCC_WARN_UNUSED_FUNCTION = YES;
				GCC_WARN_UNUSED_VARIABLE = YES;
				IPHONEOS_DEPLOYMENT_TARGET = 26.4;
				LOCALIZATION_PREFERS_STRING_CATALOGS = YES;
				MTL_ENABLE_DEBUG_INFO = INCLUDE_SOURCE;
				MTL_FAST_MATH = YES;
				ONLY_ACTIVE_ARCH = YES;
				SDKROOT = iphoneos;
				STRING_CATALOG_GENERATE_SYMBOLS = YES;
				SWIFT_ACTIVE_COMPILATION_CONDITIONS = "DEBUG $(inherited)";
				SWIFT_OPTIMIZATION_LEVEL = "-Onone";
			};
			name = Debug;
		};
		E6434E2E2F9FD654003E4714 /* Release */ = {
			isa = XCBuildConfiguration;
			buildSettings = {
				ALWAYS_SEARCH_USER_PATHS = NO;
				ASSETCATALOG_COMPILER_GENERATE_SWIFT_ASSET_SYMBOL_EXTENSIONS = YES;
				CLANG_ANALYZER_NONNULL = YES;
				CLANG_ANALYZER_NUMBER_OBJECT_CONVERSION = YES_AGGRESSIVE;
				CLANG_CXX_LANGUAGE_STANDARD = "gnu++20";
				CLANG_ENABLE_MODULES = YES;
				CLANG_ENABLE_OBJC_ARC = YES;
				CLANG_ENABLE_OBJC_WEAK = YES;
				CLANG_WARN_BLOCK_CAPTURE_AUTORELEASING = YES;
				CLANG_WARN_BOOL_CONVERSION = YES;
				CLANG_WARN_COMMA = YES;
				CLANG_WARN_CONSTANT_CONVERSION = YES;
				CLANG_WARN_DEPRECATED_OBJC_IMPLEMENTATIONS = YES;
				CLANG_WARN_DIRECT_OBJC_ISA_USAGE = YES_ERROR;
				CLANG_WARN_DOCUMENTATION_COMMENTS = YES;
				CLANG_WARN_EMPTY_BODY = YES;
				CLANG_WARN_ENUM_CONVERSION = YES;
				CLANG_WARN_INFINITE_RECURSION = YES;
				CLANG_WARN_INT_CONVERSION = YES;
				CLANG_WARN_NON_LITERAL_NULL_CONVERSION = YES;
				CLANG_WARN_OBJC_IMPLICIT_RETAIN_SELF = YES;
				CLANG_WARN_OBJC_LITERAL_CONVERSION = YES;
				CLANG_WARN_OBJC_ROOT_CLASS = YES_ERROR;
				CLANG_WARN_QUOTED_INCLUDE_IN_FRAMEWORK_HEADER = YES;
				CLANG_WARN_RANGE_LOOP_ANALYSIS = YES;
				CLANG_WARN_STRICT_PROTOTYPES = YES;
				CLANG_WARN_SUSPICIOUS_MOVE = YES;
				CLANG_WARN_UNGUARDED_AVAILABILITY = YES_AGGRESSIVE;
				CLANG_WARN_UNREACHABLE_CODE = YES;
				CLANG_WARN__DUPLICATE_METHOD_MATCH = YES;
				COPY_PHASE_STRIP = NO;
				DEBUG_INFORMATION_FORMAT = "dwarf-with-dsym";
				ENABLE_NS_ASSERTIONS = NO;
				ENABLE_STRICT_OBJC_MSGSEND = YES;
				ENABLE_USER_SCRIPT_SANDBOXING = YES;
				GCC_C_LANGUAGE_STANDARD = gnu17;
				GCC_NO_COMMON_BLOCKS = YES;
				GCC_WARN_64_TO_32_BIT_CONVERSION = YES;
				GCC_WARN_ABOUT_RETURN_TYPE = YES_ERROR;
				GCC_WARN_UNDECLARED_SELECTOR = YES;
				GCC_WARN_UNINITIALIZED_AUTOS = YES_AGGRESSIVE;
				GCC_WARN_UNUSED_FUNCTION = YES;
				GCC_WARN_UNUSED_VARIABLE = YES;
				IPHONEOS_DEPLOYMENT_TARGET = 26.4;
				LOCALIZATION_PREFERS_STRING_CATALOGS = YES;
				MTL_ENABLE_DEBUG_INFO = NO;
				MTL_FAST_MATH = YES;
				SDKROOT = iphoneos;
				STRING_CATALOG_GENERATE_SYMBOLS = YES;
				SWIFT_COMPILATION_MODE = wholemodule;
				VALIDATE_PRODUCT = YES;
			};
			name = Release;
		};
		E6434E302F9FD654003E4714 /* Debug */ = {
			isa = XCBuildConfiguration;
			buildSettings = {
				ASSETCATALOG_COMPILER_APPICON_NAME = AppIcon;
				ASSETCATALOG_COMPILER_GLOBAL_ACCENT_COLOR_NAME = AccentColor;
				CODE_SIGN_STYLE = Automatic;
				CURRENT_PROJECT_VERSION = 1;
				ENABLE_PREVIEWS = YES;
				GENERATE_INFOPLIST_FILE = YES;
				INFOPLIST_KEY_UIApplicationSceneManifest_Generation = YES;
				INFOPLIST_KEY_UIApplicationSupportsIndirectInputEvents = YES;
				INFOPLIST_KEY_UILaunchScreen_Generation = YES;
				INFOPLIST_KEY_UISupportedInterfaceOrientations_iPad = "UIInterfaceOrientationPortrait UIInterfaceOrientationPortraitUpsideDown UIInterfaceOrientationLandscapeLeft UIInterfaceOrientationLandscapeRight";
				INFOPLIST_KEY_UISupportedInterfaceOrientations_iPhone = "UIInterfaceOrientationPortrait UIInterfaceOrientationLandscapeLeft UIInterfaceOrientationLandscapeRight";
				LD_RUNPATH_SEARCH_PATHS = (
					"$(inherited)",
					"@executable_path/Frameworks",
				);
				MARKETING_VERSION = 1.0;
				PRODUCT_BUNDLE_IDENTIFIER = mfsaglam.QuietCal;
				PRODUCT_NAME = "$(TARGET_NAME)";
				STRING_CATALOG_GENERATE_SYMBOLS = YES;
				SWIFT_APPROACHABLE_CONCURRENCY = YES;
				SWIFT_DEFAULT_ACTOR_ISOLATION = MainActor;
				SWIFT_EMIT_LOC_STRINGS = YES;
				SWIFT_UPCOMING_FEATURE_MEMBER_IMPORT_VISIBILITY = YES;
				SWIFT_VERSION = 5.0;
				TARGETED_DEVICE_FAMILY = "1,2";
			};
			name = Debug;
		};
		E6434E312F9FD654003E4714 /* Release */ = {
			isa = XCBuildConfiguration;
			buildSettings = {
				ASSETCATALOG_COMPILER_APPICON_NAME = AppIcon;
				ASSETCATALOG_COMPILER_GLOBAL_ACCENT_COLOR_NAME = AccentColor;
				CODE_SIGN_STYLE = Automatic;
				CURRENT_PROJECT_VERSION = 1;
				ENABLE_PREVIEWS = YES;
				GENERATE_INFOPLIST_FILE = YES;
				INFOPLIST_KEY_UIApplicationSceneManifest_Generation = YES;
				INFOPLIST_KEY_UIApplicationSupportsIndirectInputEvents = YES;
				INFOPLIST_KEY_UILaunchScreen_Generation = YES;
				INFOPLIST_KEY_UISupportedInterfaceOrientations_iPad = "UIInterfaceOrientationPortrait UIInterfaceOrientationPortraitUpsideDown UIInterfaceOrientationLandscapeLeft UIInterfaceOrientationLandscapeRight";
				INFOPLIST_KEY_UISupportedInterfaceOrientations_iPhone = "UIInterfaceOrientationPortrait UIInterfaceOrientationLandscapeLeft UIInterfaceOrientationLandscapeRight";
				LD_RUNPATH_SEARCH_PATHS = (
					"$(inherited)",
					"@executable_path/Frameworks",
				);
				MARKETING_VERSION = 1.0;
				PRODUCT_BUNDLE_IDENTIFIER = mfsaglam.QuietCal;
				PRODUCT_NAME = "$(TARGET_NAME)";
				STRING_CATALOG_GENERATE_SYMBOLS = YES;
				SWIFT_APPROACHABLE_CONCURRENCY = YES;
				SWIFT_DEFAULT_ACTOR_ISOLATION = MainActor;
				SWIFT_EMIT_LOC_STRINGS = YES;
				SWIFT_UPCOMING_FEATURE_MEMBER_IMPORT_VISIBILITY = YES;
				SWIFT_VERSION = 5.0;
				TARGETED_DEVICE_FAMILY = "1,2";
			};
			name = Release;
		};
/* End XCBuildConfiguration section */

/* Begin XCConfigurationList section */
		E6434E1F2F9FD653003E4714 /* Build configuration list for PBXProject "QuietCal" */ = {
			isa = XCConfigurationList;
			buildConfigurations = (
				E6434E2D2F9FD654003E4714 /* Debug */,
				E6434E2E2F9FD654003E4714 /* Release */,
			);
			defaultConfigurationIsVisible = 0;
			defaultConfigurationName = Release;
		};
		E6434E2F2F9FD654003E4714 /* Build configuration list for PBXNativeTarget "QuietCal" */ = {
			isa = XCConfigurationList;
			buildConfigurations = (
				E6434E302F9FD654003E4714 /* Debug */,
				E6434E312F9FD654003E4714 /* Release */,
			);
			defaultConfigurationIsVisible = 0;
			defaultConfigurationName = Release;
		};
/* End XCConfigurationList section */

/* Begin XCRemoteSwiftPackageReference section */
		E6434E322F9FD6E6003E4714 /* XCRemoteSwiftPackageReference "CalorieEstimator" */ = {
			isa = XCRemoteSwiftPackageReference;
			repositoryURL = "https://github.com/mfsaglam/CalorieEstimator.git";
			requirement = {
				kind = upToNextMajorVersion;
				minimumVersion = 1.1.0;
			};
		};
/* End XCRemoteSwiftPackageReference section */

/* Begin XCSwiftPackageProductDependency section */
		E6434E332F9FD6E6003E4714 /* CalorieEstimator */ = {
			isa = XCSwiftPackageProductDependency;
			package = E6434E322F9FD6E6003E4714 /* XCRemoteSwiftPackageReference "CalorieEstimator" */;
			productName = CalorieEstimator;
		};
/* End XCSwiftPackageProductDependency section */
	};
	rootObject = E6434E1C2F9FD653003E4714 /* Project object */;
}
