{
  "originHash" : "eeaea3a6a17bf8f81fc51ebf84474ff1b1454664ef5fcde0d0d85272f997a3e8",
  "pins" : [
    {
      "identity" : "calorieestimator",
      "kind" : "remoteSourceControl",
      "location" : "https://github.com/mfsaglam/CalorieEstimator.git",
      "state" : {
        "revision" : "0c9ae5bcfa94841ef19fce489ba497b6ddc0b759",
        "version" : "3.2.1"
      }
    }
  ],
  "version" : 3
}
