{
  "originHash" : "eeaea3a6a17bf8f81fc51ebf84474ff1b1454664ef5fcde0d0d85272f997a3e8",
  "pins" : [
    {
      "identity" : "calorieestimator",
      "kind" : "remoteSourceControl",
      "location" : "https://github.com/mfsaglam/CalorieEstimator.git",
      "state" : {
        "revision" : "1d5ca54136a9dbf96fd4e47d3729f713e834f3ae",
        "version" : "2.0.0"
      }
    }
  ],
  "version" : 3
}
