{
  "originHash" : "eeaea3a6a17bf8f81fc51ebf84474ff1b1454664ef5fcde0d0d85272f997a3e8",
  "pins" : [
    {
      "identity" : "calorieestimator",
      "kind" : "remoteSourceControl",
      "location" : "https://github.com/mfsaglam/CalorieEstimator.git",
      "state" : {
        "revision" : "ff04eb8424a5152fd12bd8cec6bb831f5a4cf505",
        "version" : "3.2.2"
      }
    }
  ],
  "version" : 3
}
